<?xml version="1.0" encoding="UTF-8"?>
<!DOCTYPE plist PUBLIC "-//Apple//DTD PLIST 1.0//EN" "http://www.apple.com/DTDs/PropertyList-1.0.dtd">
<plist version="1.0">
<dict>
	<key>archiveVersion</key>
	<string>1</string>
	<key>classes</key>
	<dict/>
	<key>objectVersion</key>
	<string>46</string>
	<key>objects</key>
	<dict>
		<key>02A66BFF4CD41C36716A351A</key>
		<dict>
			<key>includeInIndex</key>
			<string>1</string>
			<key>isa</key>
			<string>PBXFileReference</string>
			<key>lastKnownFileType</key>
			<string>text.xcconfig</string>
			<key>name</key>
			<string>Pods-TrainSpeed.debug.xcconfig</string>
			<key>path</key>
			<string>Pods/Target Support Files/Pods-TrainSpeed/Pods-TrainSpeed.debug.xcconfig</string>
			<key>sourceTree</key>
			<string>&lt;group&gt;</string>
		</dict>
		<key>1806D2A21CD976CE0015A5DF</key>
		<dict>
			<key>children</key>
			<array>
				<string>183A93961DC832AE00D80621</string>
				<string>183A93971DC832AE00D80621</string>
				<string>1806D2AD1CD976CF0015A5DF</string>
				<string>1806D2BF1CD976D00015A5DF</string>
				<string>1806D2CA1CD976D00015A5DF</string>
				<string>1806D2AC1CD976CF0015A5DF</string>
				<string>607AD0D5E630381B123CCB91</string>
				<string>E64C6ABB8734B42C7A2CE726</string>
			</array>
			<key>isa</key>
			<string>PBXGroup</string>
			<key>sourceTree</key>
			<string>&lt;group&gt;</string>
		</dict>
		<key>1806D2A31CD976CE0015A5DF</key>
		<dict>
			<key>attributes</key>
			<dict>
				<key>LastSwiftUpdateCheck</key>
				<string>0730</string>
				<key>LastUpgradeCheck</key>
				<string>0810</string>
				<key>ORGANIZATIONNAME</key>
				<string>Ephraim Kunz</string>
				<key>TargetAttributes</key>
				<dict>
					<key>1806D2AA1CD976CF0015A5DF</key>
					<dict>
						<key>CreatedOnToolsVersion</key>
						<string>7.3</string>
						<key>LastSwiftMigration</key>
						<string>0810</string>
					</dict>
					<key>1806D2BB1CD976D00015A5DF</key>
					<dict>
						<key>CreatedOnToolsVersion</key>
						<string>7.3</string>
						<key>LastSwiftMigration</key>
						<string>0810</string>
						<key>TestTargetID</key>
						<string>1806D2AA1CD976CF0015A5DF</string>
					</dict>
					<key>1806D2C61CD976D00015A5DF</key>
					<dict>
						<key>CreatedOnToolsVersion</key>
						<string>7.3</string>
						<key>LastSwiftMigration</key>
						<string>0810</string>
						<key>TestTargetID</key>
						<string>1806D2AA1CD976CF0015A5DF</string>
					</dict>
				</dict>
			</dict>
			<key>buildConfigurationList</key>
			<string>1806D2A61CD976CE0015A5DF</string>
			<key>compatibilityVersion</key>
			<string>Xcode 3.2</string>
			<key>developmentRegion</key>
			<string>English</string>
			<key>hasScannedForEncodings</key>
			<string>0</string>
			<key>isa</key>
			<string>PBXProject</string>
			<key>knownRegions</key>
			<array>
				<string>en</string>
				<string>Base</string>
			</array>
			<key>mainGroup</key>
			<string>1806D2A21CD976CE0015A5DF</string>
			<key>productRefGroup</key>
			<string>1806D2AC1CD976CF0015A5DF</string>
			<key>projectDirPath</key>
			<string></string>
			<key>projectReferences</key>
			<array/>
			<key>projectRoot</key>
			<string></string>
			<key>targets</key>
			<array>
				<string>1806D2AA1CD976CF0015A5DF</string>
				<string>1806D2BB1CD976D00015A5DF</string>
				<string>1806D2C61CD976D00015A5DF</string>
			</array>
		</dict>
		<key>1806D2A61CD976CE0015A5DF</key>
		<dict>
			<key>buildConfigurations</key>
			<array>
				<string>1806D2CE1CD976D00015A5DF</string>
				<string>1806D2CF1CD976D00015A5DF</string>
			</array>
			<key>defaultConfigurationIsVisible</key>
			<string>0</string>
			<key>defaultConfigurationName</key>
			<string>Release</string>
			<key>isa</key>
			<string>XCConfigurationList</string>
		</dict>
		<key>1806D2A71CD976CF0015A5DF</key>
		<dict>
			<key>buildActionMask</key>
			<string>2147483647</string>
			<key>files</key>
			<array>
				<string>18F0A2C11CE76F0D006FD12F</string>
				<string>18AE0B031CDEA10200A902DD</string>
				<string>188AF6E11CD99703007AB09B</string>
				<string>18AE0B051CDEA3E500A902DD</string>
				<string>18CABD591CEDF9C70066955F</string>
				<string>18AE0B011CDE9E3800A902DD</string>
				<string>18F0A2BF1CE76C63006FD12F</string>
				<string>18F0A2C31CE774BC006FD12F</string>
				<string>1806D2B11CD976CF0015A5DF</string>
				<string>1806D2AF1CD976CF0015A5DF</string>
			</array>
			<key>isa</key>
			<string>PBXSourcesBuildPhase</string>
			<key>runOnlyForDeploymentPostprocessing</key>
			<string>0</string>
		</dict>
		<key>1806D2A81CD976CF0015A5DF</key>
		<dict>
			<key>buildActionMask</key>
			<string>2147483647</string>
			<key>files</key>
			<array>
				<string>183A93981DC832AE00D80621</string>
				<string>19C35D21ECE7DF0BAC3F8CDB</string>
				<string>183A939A1DC832AE00D80621</string>
			</array>
			<key>isa</key>
			<string>PBXFrameworksBuildPhase</string>
			<key>runOnlyForDeploymentPostprocessing</key>
			<string>0</string>
		</dict>
		<key>1806D2A91CD976CF0015A5DF</key>
		<dict>
			<key>buildActionMask</key>
			<string>2147483647</string>
			<key>files</key>
			<array>
				<string>1806D2B31CD976CF0015A5DF</string>
				<string>188AF6E31CDA3228007AB09B</string>
				<string>1806D2B61CD976CF0015A5DF</string>
			</array>
			<key>isa</key>
			<string>PBXResourcesBuildPhase</string>
			<key>runOnlyForDeploymentPostprocessing</key>
			<string>0</string>
		</dict>
		<key>1806D2AA1CD976CF0015A5DF</key>
		<dict>
			<key>buildConfigurationList</key>
			<string>1806D2D01CD976D00015A5DF</string>
			<key>buildPhases</key>
			<array>
				<string>B60D213FF1E2B49AB76B373D</string>
				<string>1806D2A71CD976CF0015A5DF</string>
				<string>1806D2A81CD976CF0015A5DF</string>
				<string>1806D2A91CD976CF0015A5DF</string>
				<string>7C92A42CDA378436C9E474FA</string>
				<string>FBC33609414A1918B3BAA3B1</string>
				<string>183A939C1DC832AE00D80621</string>
			</array>
			<key>buildRules</key>
			<array/>
			<key>dependencies</key>
			<array/>
			<key>isa</key>
			<string>PBXNativeTarget</string>
			<key>name</key>
			<string>TrainSpeed</string>
			<key>productName</key>
			<string>TrainSpeed</string>
			<key>productReference</key>
			<string>1806D2AB1CD976CF0015A5DF</string>
			<key>productType</key>
			<string>com.apple.product-type.application</string>
		</dict>
		<key>1806D2AB1CD976CF0015A5DF</key>
		<dict>
			<key>explicitFileType</key>
			<string>wrapper.application</string>
			<key>includeInIndex</key>
			<string>0</string>
			<key>isa</key>
			<string>PBXFileReference</string>
			<key>path</key>
			<string>TrainSpeed.app</string>
			<key>sourceTree</key>
			<string>BUILT_PRODUCTS_DIR</string>
		</dict>
		<key>1806D2AC1CD976CF0015A5DF</key>
		<dict>
			<key>children</key>
			<array>
				<string>1806D2AB1CD976CF0015A5DF</string>
				<string>1806D2BC1CD976D00015A5DF</string>
				<string>1806D2C71CD976D00015A5DF</string>
			</array>
			<key>isa</key>
			<string>PBXGroup</string>
			<key>name</key>
			<string>Products</string>
			<key>sourceTree</key>
			<string>&lt;group&gt;</string>
		</dict>
		<key>1806D2AD1CD976CF0015A5DF</key>
		<dict>
			<key>children</key>
			<array>
				<string>1806D2AE1CD976CF0015A5DF</string>
				<string>1806D2B01CD976CF0015A5DF</string>
				<string>188AF6E21CDA3228007AB09B</string>
				<string>1806D2B21CD976CF0015A5DF</string>
				<string>1806D2B41CD976CF0015A5DF</string>
				<string>1806D2B71CD976CF0015A5DF</string>
				<string>188AF6E01CD99703007AB09B</string>
				<string>18AE0B001CDE9E3800A902DD</string>
				<string>18F0A2BE1CE76C63006FD12F</string>
				<string>18AE0B021CDEA10200A902DD</string>
				<string>18AE0B041CDEA3E500A902DD</string>
				<string>18F0A2C01CE76F0D006FD12F</string>
				<string>18F0A2C21CE774BC006FD12F</string>
				<string>18CABD581CEDF9C70066955F</string>
			</array>
			<key>isa</key>
			<string>PBXGroup</string>
			<key>path</key>
			<string>TrainSpeed</string>
			<key>sourceTree</key>
			<string>&lt;group&gt;</string>
		</dict>
		<key>1806D2AE1CD976CF0015A5DF</key>
		<dict>
			<key>isa</key>
			<string>PBXFileReference</string>
			<key>lastKnownFileType</key>
			<string>sourcecode.swift</string>
			<key>path</key>
			<string>AppDelegate.swift</string>
			<key>sourceTree</key>
			<string>&lt;group&gt;</string>
		</dict>
		<key>1806D2AF1CD976CF0015A5DF</key>
		<dict>
			<key>fileRef</key>
			<string>1806D2AE1CD976CF0015A5DF</string>
			<key>isa</key>
			<string>PBXBuildFile</string>
		</dict>
		<key>1806D2B01CD976CF0015A5DF</key>
		<dict>
			<key>isa</key>
			<string>PBXFileReference</string>
			<key>lastKnownFileType</key>
			<string>sourcecode.swift</string>
			<key>path</key>
			<string>ViewController.swift</string>
			<key>sourceTree</key>
			<string>&lt;group&gt;</string>
		</dict>
		<key>1806D2B11CD976CF0015A5DF</key>
		<dict>
			<key>fileRef</key>
			<string>1806D2B01CD976CF0015A5DF</string>
			<key>isa</key>
			<string>PBXBuildFile</string>
		</dict>
		<key>1806D2B21CD976CF0015A5DF</key>
		<dict>
			<key>isa</key>
			<string>PBXFileReference</string>
			<key>lastKnownFileType</key>
			<string>folder.assetcatalog</string>
			<key>path</key>
			<string>Assets.xcassets</string>
			<key>sourceTree</key>
			<string>&lt;group&gt;</string>
		</dict>
		<key>1806D2B31CD976CF0015A5DF</key>
		<dict>
			<key>fileRef</key>
			<string>1806D2B21CD976CF0015A5DF</string>
			<key>isa</key>
			<string>PBXBuildFile</string>
		</dict>
		<key>1806D2B41CD976CF0015A5DF</key>
		<dict>
			<key>children</key>
			<array>
				<string>1806D2B51CD976CF0015A5DF</string>
			</array>
			<key>isa</key>
			<string>PBXVariantGroup</string>
			<key>name</key>
			<string>Main.storyboard</string>
			<key>sourceTree</key>
			<string>&lt;group&gt;</string>
		</dict>
		<key>1806D2B51CD976CF0015A5DF</key>
		<dict>
			<key>isa</key>
			<string>PBXFileReference</string>
			<key>lastKnownFileType</key>
			<string>file.storyboard</string>
			<key>name</key>
			<string>Base</string>
			<key>path</key>
			<string>Base.lproj/Main.storyboard</string>
			<key>sourceTree</key>
			<string>&lt;group&gt;</string>
		</dict>
		<key>1806D2B61CD976CF0015A5DF</key>
		<dict>
			<key>fileRef</key>
			<string>1806D2B41CD976CF0015A5DF</string>
			<key>isa</key>
			<string>PBXBuildFile</string>
		</dict>
		<key>1806D2B71CD976CF0015A5DF</key>
		<dict>
			<key>isa</key>
			<string>PBXFileReference</string>
			<key>lastKnownFileType</key>
			<string>text.plist.xml</string>
			<key>path</key>
			<string>Info.plist</string>
			<key>sourceTree</key>
			<string>&lt;group&gt;</string>
		</dict>
		<key>1806D2B81CD976D00015A5DF</key>
		<dict>
			<key>buildActionMask</key>
			<string>2147483647</string>
			<key>files</key>
			<array>
				<string>1806D2C11CD976D00015A5DF</string>
			</array>
			<key>isa</key>
			<string>PBXSourcesBuildPhase</string>
			<key>runOnlyForDeploymentPostprocessing</key>
			<string>0</string>
		</dict>
		<key>1806D2B91CD976D00015A5DF</key>
		<dict>
			<key>buildActionMask</key>
			<string>2147483647</string>
			<key>files</key>
			<array>
				<string>3CA6CBC585045902799FA09A</string>
			</array>
			<key>isa</key>
			<string>PBXFrameworksBuildPhase</string>
			<key>runOnlyForDeploymentPostprocessing</key>
			<string>0</string>
		</dict>
		<key>1806D2BA1CD976D00015A5DF</key>
		<dict>
			<key>buildActionMask</key>
			<string>2147483647</string>
			<key>files</key>
			<array/>
			<key>isa</key>
			<string>PBXResourcesBuildPhase</string>
			<key>runOnlyForDeploymentPostprocessing</key>
			<string>0</string>
		</dict>
		<key>1806D2BB1CD976D00015A5DF</key>
		<dict>
			<key>buildConfigurationList</key>
			<string>1806D2D31CD976D00015A5DF</string>
			<key>buildPhases</key>
			<array>
				<string>993E63D48143A217477B97B5</string>
				<string>1806D2B81CD976D00015A5DF</string>
				<string>1806D2B91CD976D00015A5DF</string>
				<string>1806D2BA1CD976D00015A5DF</string>
				<string>C9EE73944C8A6DED37FCE6CE</string>
				<string>89A04E8024D54844B204B062</string>
			</array>
			<key>buildRules</key>
			<array/>
			<key>dependencies</key>
			<array>
				<string>1806D2BE1CD976D00015A5DF</string>
			</array>
			<key>isa</key>
			<string>PBXNativeTarget</string>
			<key>name</key>
			<string>TrainSpeedTests</string>
			<key>productName</key>
			<string>TrainSpeedTests</string>
			<key>productReference</key>
			<string>1806D2BC1CD976D00015A5DF</string>
			<key>productType</key>
			<string>com.apple.product-type.bundle.unit-test</string>
		</dict>
		<key>1806D2BC1CD976D00015A5DF</key>
		<dict>
			<key>explicitFileType</key>
			<string>wrapper.cfbundle</string>
			<key>includeInIndex</key>
			<string>0</string>
			<key>isa</key>
			<string>PBXFileReference</string>
			<key>path</key>
			<string>TrainSpeedTests.xctest</string>
			<key>sourceTree</key>
			<string>BUILT_PRODUCTS_DIR</string>
		</dict>
		<key>1806D2BD1CD976D00015A5DF</key>
		<dict>
			<key>containerPortal</key>
			<string>1806D2A31CD976CE0015A5DF</string>
			<key>isa</key>
			<string>PBXContainerItemProxy</string>
			<key>proxyType</key>
			<string>1</string>
			<key>remoteGlobalIDString</key>
			<string>1806D2AA1CD976CF0015A5DF</string>
			<key>remoteInfo</key>
			<string>TrainSpeed</string>
		</dict>
		<key>1806D2BE1CD976D00015A5DF</key>
		<dict>
			<key>isa</key>
			<string>PBXTargetDependency</string>
			<key>target</key>
			<string>1806D2AA1CD976CF0015A5DF</string>
			<key>targetProxy</key>
			<string>1806D2BD1CD976D00015A5DF</string>
		</dict>
		<key>1806D2BF1CD976D00015A5DF</key>
		<dict>
			<key>children</key>
			<array>
				<string>1806D2C01CD976D00015A5DF</string>
				<string>1806D2C21CD976D00015A5DF</string>
			</array>
			<key>isa</key>
			<string>PBXGroup</string>
			<key>path</key>
			<string>TrainSpeedTests</string>
			<key>sourceTree</key>
			<string>&lt;group&gt;</string>
		</dict>
		<key>1806D2C01CD976D00015A5DF</key>
		<dict>
			<key>isa</key>
			<string>PBXFileReference</string>
			<key>lastKnownFileType</key>
			<string>sourcecode.swift</string>
			<key>path</key>
			<string>TrainSpeedTests.swift</string>
			<key>sourceTree</key>
			<string>&lt;group&gt;</string>
		</dict>
		<key>1806D2C11CD976D00015A5DF</key>
		<dict>
			<key>fileRef</key>
			<string>1806D2C01CD976D00015A5DF</string>
			<key>isa</key>
			<string>PBXBuildFile</string>
		</dict>
		<key>1806D2C21CD976D00015A5DF</key>
		<dict>
			<key>isa</key>
			<string>PBXFileReference</string>
			<key>lastKnownFileType</key>
			<string>text.plist.xml</string>
			<key>path</key>
			<string>Info.plist</string>
			<key>sourceTree</key>
			<string>&lt;group&gt;</string>
		</dict>
		<key>1806D2C31CD976D00015A5DF</key>
		<dict>
			<key>buildActionMask</key>
			<string>2147483647</string>
			<key>files</key>
			<array>
				<string>1806D2CC1CD976D00015A5DF</string>
			</array>
			<key>isa</key>
			<string>PBXSourcesBuildPhase</string>
			<key>runOnlyForDeploymentPostprocessing</key>
			<string>0</string>
		</dict>
		<key>1806D2C41CD976D00015A5DF</key>
		<dict>
			<key>buildActionMask</key>
			<string>2147483647</string>
			<key>files</key>
			<array>
				<string>ABD693286550897909E2A644</string>
			</array>
			<key>isa</key>
			<string>PBXFrameworksBuildPhase</string>
			<key>runOnlyForDeploymentPostprocessing</key>
			<string>0</string>
		</dict>
		<key>1806D2C51CD976D00015A5DF</key>
		<dict>
			<key>buildActionMask</key>
			<string>2147483647</string>
			<key>files</key>
			<array/>
			<key>isa</key>
			<string>PBXResourcesBuildPhase</string>
			<key>runOnlyForDeploymentPostprocessing</key>
			<string>0</string>
		</dict>
		<key>1806D2C61CD976D00015A5DF</key>
		<dict>
			<key>buildConfigurationList</key>
			<string>1806D2D61CD976D00015A5DF</string>
			<key>buildPhases</key>
			<array>
				<string>1BF950E1E1AED700C0BB19A0</string>
				<string>1806D2C31CD976D00015A5DF</string>
				<string>1806D2C41CD976D00015A5DF</string>
				<string>1806D2C51CD976D00015A5DF</string>
				<string>8F58B43CB5477768F1A5B422</string>
			</array>
			<key>buildRules</key>
			<array/>
			<key>dependencies</key>
			<array>
				<string>1806D2C91CD976D00015A5DF</string>
			</array>
			<key>isa</key>
			<string>PBXNativeTarget</string>
			<key>name</key>
			<string>TrainSpeedUITests</string>
			<key>productName</key>
			<string>TrainSpeedUITests</string>
			<key>productReference</key>
			<string>1806D2C71CD976D00015A5DF</string>
			<key>productType</key>
			<string>com.apple.product-type.bundle.ui-testing</string>
		</dict>
		<key>1806D2C71CD976D00015A5DF</key>
		<dict>
			<key>explicitFileType</key>
			<string>wrapper.cfbundle</string>
			<key>includeInIndex</key>
			<string>0</string>
			<key>isa</key>
			<string>PBXFileReference</string>
			<key>path</key>
			<string>TrainSpeedUITests.xctest</string>
			<key>sourceTree</key>
			<string>BUILT_PRODUCTS_DIR</string>
		</dict>
		<key>1806D2C81CD976D00015A5DF</key>
		<dict>
			<key>containerPortal</key>
			<string>1806D2A31CD976CE0015A5DF</string>
			<key>isa</key>
			<string>PBXContainerItemProxy</string>
			<key>proxyType</key>
			<string>1</string>
			<key>remoteGlobalIDString</key>
			<string>1806D2AA1CD976CF0015A5DF</string>
			<key>remoteInfo</key>
			<string>TrainSpeed</string>
		</dict>
		<key>1806D2C91CD976D00015A5DF</key>
		<dict>
			<key>isa</key>
			<string>PBXTargetDependency</string>
			<key>target</key>
			<string>1806D2AA1CD976CF0015A5DF</string>
			<key>targetProxy</key>
			<string>1806D2C81CD976D00015A5DF</string>
		</dict>
		<key>1806D2CA1CD976D00015A5DF</key>
		<dict>
			<key>children</key>
			<array>
				<string>1806D2CB1CD976D00015A5DF</string>
				<string>1806D2CD1CD976D00015A5DF</string>
			</array>
			<key>isa</key>
			<string>PBXGroup</string>
			<key>path</key>
			<string>TrainSpeedUITests</string>
			<key>sourceTree</key>
			<string>&lt;group&gt;</string>
		</dict>
		<key>1806D2CB1CD976D00015A5DF</key>
		<dict>
			<key>isa</key>
			<string>PBXFileReference</string>
			<key>lastKnownFileType</key>
			<string>sourcecode.swift</string>
			<key>path</key>
			<string>TrainSpeedUITests.swift</string>
			<key>sourceTree</key>
			<string>&lt;group&gt;</string>
		</dict>
		<key>1806D2CC1CD976D00015A5DF</key>
		<dict>
			<key>fileRef</key>
			<string>1806D2CB1CD976D00015A5DF</string>
			<key>isa</key>
			<string>PBXBuildFile</string>
		</dict>
		<key>1806D2CD1CD976D00015A5DF</key>
		<dict>
			<key>isa</key>
			<string>PBXFileReference</string>
			<key>lastKnownFileType</key>
			<string>text.plist.xml</string>
			<key>path</key>
			<string>Info.plist</string>
			<key>sourceTree</key>
			<string>&lt;group&gt;</string>
		</dict>
		<key>1806D2CE1CD976D00015A5DF</key>
		<dict>
			<key>buildSettings</key>
			<dict>
				<key>ALWAYS_SEARCH_USER_PATHS</key>
				<string>NO</string>
				<key>CLANG_ANALYZER_NONNULL</key>
				<string>YES</string>
				<key>CLANG_CXX_LANGUAGE_STANDARD</key>
				<string>gnu++0x</string>
				<key>CLANG_CXX_LIBRARY</key>
				<string>libc++</string>
				<key>CLANG_ENABLE_MODULES</key>
				<string>YES</string>
				<key>CLANG_ENABLE_OBJC_ARC</key>
				<string>YES</string>
				<key>CLANG_WARN_BOOL_CONVERSION</key>
				<string>YES</string>
				<key>CLANG_WARN_CONSTANT_CONVERSION</key>
				<string>YES</string>
				<key>CLANG_WARN_DIRECT_OBJC_ISA_USAGE</key>
				<string>YES_ERROR</string>
				<key>CLANG_WARN_EMPTY_BODY</key>
				<string>YES</string>
				<key>CLANG_WARN_ENUM_CONVERSION</key>
				<string>YES</string>
				<key>CLANG_WARN_INFINITE_RECURSION</key>
				<string>YES</string>
				<key>CLANG_WARN_INT_CONVERSION</key>
				<string>YES</string>
				<key>CLANG_WARN_OBJC_ROOT_CLASS</key>
				<string>YES_ERROR</string>
				<key>CLANG_WARN_SUSPICIOUS_MOVE</key>
				<string>YES</string>
				<key>CLANG_WARN_UNREACHABLE_CODE</key>
				<string>YES</string>
				<key>CLANG_WARN__DUPLICATE_METHOD_MATCH</key>
				<string>YES</string>
				<key>CODE_SIGN_IDENTITY</key>
				<string>-</string>
				<key>COPY_PHASE_STRIP</key>
				<string>NO</string>
				<key>DEBUG_INFORMATION_FORMAT</key>
				<string>dwarf</string>
				<key>ENABLE_STRICT_OBJC_MSGSEND</key>
				<string>YES</string>
				<key>ENABLE_TESTABILITY</key>
				<string>YES</string>
				<key>GCC_C_LANGUAGE_STANDARD</key>
				<string>gnu99</string>
				<key>GCC_DYNAMIC_NO_PIC</key>
				<string>NO</string>
				<key>GCC_NO_COMMON_BLOCKS</key>
				<string>YES</string>
				<key>GCC_OPTIMIZATION_LEVEL</key>
				<string>0</string>
				<key>GCC_PREPROCESSOR_DEFINITIONS</key>
				<array>
					<string>DEBUG=1</string>
					<string>$(inherited)</string>
				</array>
				<key>GCC_WARN_64_TO_32_BIT_CONVERSION</key>
				<string>YES</string>
				<key>GCC_WARN_ABOUT_RETURN_TYPE</key>
				<string>YES_ERROR</string>
				<key>GCC_WARN_UNDECLARED_SELECTOR</key>
				<string>YES</string>
				<key>GCC_WARN_UNINITIALIZED_AUTOS</key>
				<string>YES_AGGRESSIVE</string>
				<key>GCC_WARN_UNUSED_FUNCTION</key>
				<string>YES</string>
				<key>GCC_WARN_UNUSED_VARIABLE</key>
				<string>YES</string>
				<key>MACOSX_DEPLOYMENT_TARGET</key>
				<string>10.11</string>
				<key>MTL_ENABLE_DEBUG_INFO</key>
				<string>YES</string>
				<key>ONLY_ACTIVE_ARCH</key>
				<string>YES</string>
				<key>SDKROOT</key>
				<string>macosx</string>
				<key>SWIFT_OPTIMIZATION_LEVEL</key>
				<string>-Onone</string>
			</dict>
			<key>isa</key>
			<string>XCBuildConfiguration</string>
			<key>name</key>
			<string>Debug</string>
		</dict>
		<key>1806D2CF1CD976D00015A5DF</key>
		<dict>
			<key>buildSettings</key>
			<dict>
				<key>ALWAYS_SEARCH_USER_PATHS</key>
				<string>NO</string>
				<key>CLANG_ANALYZER_NONNULL</key>
				<string>YES</string>
				<key>CLANG_CXX_LANGUAGE_STANDARD</key>
				<string>gnu++0x</string>
				<key>CLANG_CXX_LIBRARY</key>
				<string>libc++</string>
				<key>CLANG_ENABLE_MODULES</key>
				<string>YES</string>
				<key>CLANG_ENABLE_OBJC_ARC</key>
				<string>YES</string>
				<key>CLANG_WARN_BOOL_CONVERSION</key>
				<string>YES</string>
				<key>CLANG_WARN_CONSTANT_CONVERSION</key>
				<string>YES</string>
				<key>CLANG_WARN_DIRECT_OBJC_ISA_USAGE</key>
				<string>YES_ERROR</string>
				<key>CLANG_WARN_EMPTY_BODY</key>
				<string>YES</string>
				<key>CLANG_WARN_ENUM_CONVERSION</key>
				<string>YES</string>
				<key>CLANG_WARN_INFINITE_RECURSION</key>
				<string>YES</string>
				<key>CLANG_WARN_INT_CONVERSION</key>
				<string>YES</string>
				<key>CLANG_WARN_OBJC_ROOT_CLASS</key>
				<string>YES_ERROR</string>
				<key>CLANG_WARN_SUSPICIOUS_MOVE</key>
				<string>YES</string>
				<key>CLANG_WARN_UNREACHABLE_CODE</key>
				<string>YES</string>
				<key>CLANG_WARN__DUPLICATE_METHOD_MATCH</key>
				<string>YES</string>
				<key>CODE_SIGN_IDENTITY</key>
				<string>-</string>
				<key>COPY_PHASE_STRIP</key>
				<string>NO</string>
				<key>DEBUG_INFORMATION_FORMAT</key>
				<string>dwarf-with-dsym</string>
				<key>ENABLE_NS_ASSERTIONS</key>
				<string>NO</string>
				<key>ENABLE_STRICT_OBJC_MSGSEND</key>
				<string>YES</string>
				<key>GCC_C_LANGUAGE_STANDARD</key>
				<string>gnu99</string>
				<key>GCC_NO_COMMON_BLOCKS</key>
				<string>YES</string>
				<key>GCC_WARN_64_TO_32_BIT_CONVERSION</key>
				<string>YES</string>
				<key>GCC_WARN_ABOUT_RETURN_TYPE</key>
				<string>YES_ERROR</string>
				<key>GCC_WARN_UNDECLARED_SELECTOR</key>
				<string>YES</string>
				<key>GCC_WARN_UNINITIALIZED_AUTOS</key>
				<string>YES_AGGRESSIVE</string>
				<key>GCC_WARN_UNUSED_FUNCTION</key>
				<string>YES</string>
				<key>GCC_WARN_UNUSED_VARIABLE</key>
				<string>YES</string>
				<key>MACOSX_DEPLOYMENT_TARGET</key>
				<string>10.11</string>
				<key>MTL_ENABLE_DEBUG_INFO</key>
				<string>NO</string>
				<key>SDKROOT</key>
				<string>macosx</string>
				<key>SWIFT_OPTIMIZATION_LEVEL</key>
				<string>-Owholemodule</string>
			</dict>
			<key>isa</key>
			<string>XCBuildConfiguration</string>
			<key>name</key>
			<string>Release</string>
		</dict>
		<key>1806D2D01CD976D00015A5DF</key>
		<dict>
			<key>buildConfigurations</key>
			<array>
				<string>1806D2D11CD976D00015A5DF</string>
				<string>1806D2D21CD976D00015A5DF</string>
			</array>
			<key>defaultConfigurationIsVisible</key>
			<string>0</string>
			<key>defaultConfigurationName</key>
			<string>Release</string>
			<key>isa</key>
			<string>XCConfigurationList</string>
		</dict>
		<key>1806D2D11CD976D00015A5DF</key>
		<dict>
			<key>baseConfigurationReference</key>
			<string>02A66BFF4CD41C36716A351A</string>
			<key>buildSettings</key>
			<dict>
				<key>ALWAYS_EMBED_SWIFT_STANDARD_LIBRARIES</key>
				<string>YES</string>
				<key>ASSETCATALOG_COMPILER_APPICON_NAME</key>
				<string>AppIcon</string>
				<key>COMBINE_HIDPI_IMAGES</key>
				<string>YES</string>
				<key>FRAMEWORK_SEARCH_PATHS</key>
				<array>
					<string>$(inherited)</string>
					<string>$(PROJECT_DIR)</string>
				</array>
				<key>INFOPLIST_FILE</key>
				<string>TrainSpeed/Info.plist</string>
				<key>LD_RUNPATH_SEARCH_PATHS</key>
				<string>$(inherited) @executable_path/../Frameworks</string>
				<key>PRODUCT_BUNDLE_IDENTIFIER</key>
				<string>com.ephraimhowardkunz.TrainSpeed</string>
				<key>PRODUCT_NAME</key>
				<string>$(TARGET_NAME)</string>
				<key>SWIFT_VERSION</key>
				<string>3.0</string>
			</dict>
			<key>isa</key>
			<string>XCBuildConfiguration</string>
			<key>name</key>
			<string>Debug</string>
		</dict>
		<key>1806D2D21CD976D00015A5DF</key>
		<dict>
			<key>baseConfigurationReference</key>
			<string>5BEF61B60E3437ABB33A496C</string>
			<key>buildSettings</key>
			<dict>
				<key>ALWAYS_EMBED_SWIFT_STANDARD_LIBRARIES</key>
				<string>YES</string>
				<key>ASSETCATALOG_COMPILER_APPICON_NAME</key>
				<string>AppIcon</string>
				<key>COMBINE_HIDPI_IMAGES</key>
				<string>YES</string>
				<key>FRAMEWORK_SEARCH_PATHS</key>
				<array>
					<string>$(inherited)</string>
					<string>$(PROJECT_DIR)</string>
				</array>
				<key>INFOPLIST_FILE</key>
				<string>TrainSpeed/Info.plist</string>
				<key>LD_RUNPATH_SEARCH_PATHS</key>
				<string>$(inherited) @executable_path/../Frameworks</string>
				<key>PRODUCT_BUNDLE_IDENTIFIER</key>
				<string>com.ephraimhowardkunz.TrainSpeed</string>
				<key>PRODUCT_NAME</key>
				<string>$(TARGET_NAME)</string>
				<key>SWIFT_VERSION</key>
				<string>3.0</string>
			</dict>
			<key>isa</key>
			<string>XCBuildConfiguration</string>
			<key>name</key>
			<string>Release</string>
		</dict>
		<key>1806D2D31CD976D00015A5DF</key>
		<dict>
			<key>buildConfigurations</key>
			<array>
				<string>1806D2D41CD976D00015A5DF</string>
				<string>1806D2D51CD976D00015A5DF</string>
			</array>
			<key>defaultConfigurationIsVisible</key>
			<string>0</string>
			<key>defaultConfigurationName</key>
			<string>Release</string>
			<key>isa</key>
			<string>XCConfigurationList</string>
		</dict>
		<key>1806D2D41CD976D00015A5DF</key>
		<dict>
			<key>baseConfigurationReference</key>
			<string>AD3248CFC333F1EC1B26F95A</string>
			<key>buildSettings</key>
			<dict>
				<key>BUNDLE_LOADER</key>
				<string>$(TEST_HOST)</string>
				<key>COMBINE_HIDPI_IMAGES</key>
				<string>YES</string>
				<key>FRAMEWORK_SEARCH_PATHS[arch=*]</key>
				<array>
					<string>/Users/apple/Documents/Post-mission/programming/App</string>
					<string>development/iOS/TrainSpeed</string>
				</array>
				<key>INFOPLIST_FILE</key>
				<string>TrainSpeedTests/Info.plist</string>
				<key>LD_RUNPATH_SEARCH_PATHS</key>
				<string>$(inherited) @executable_path/../Frameworks @loader_path/../Frameworks</string>
				<key>PRODUCT_BUNDLE_IDENTIFIER</key>
				<string>com.ephraimhowardkunz.TrainSpeedTests</string>
				<key>PRODUCT_NAME</key>
				<string>$(TARGET_NAME)</string>
				<key>SWIFT_VERSION</key>
				<string>3.0</string>
				<key>TEST_HOST</key>
				<string>$(BUILT_PRODUCTS_DIR)/TrainSpeed.app/Contents/MacOS/TrainSpeed</string>
			</dict>
			<key>isa</key>
			<string>XCBuildConfiguration</string>
			<key>name</key>
			<string>Debug</string>
		</dict>
		<key>1806D2D51CD976D00015A5DF</key>
		<dict>
			<key>baseConfigurationReference</key>
			<string>877499B4843317B77AFAD725</string>
			<key>buildSettings</key>
			<dict>
				<key>BUNDLE_LOADER</key>
				<string>$(TEST_HOST)</string>
				<key>COMBINE_HIDPI_IMAGES</key>
				<string>YES</string>
				<key>INFOPLIST_FILE</key>
				<string>TrainSpeedTests/Info.plist</string>
				<key>LD_RUNPATH_SEARCH_PATHS</key>
				<string>$(inherited) @executable_path/../Frameworks @loader_path/../Frameworks</string>
				<key>PRODUCT_BUNDLE_IDENTIFIER</key>
				<string>com.ephraimhowardkunz.TrainSpeedTests</string>
				<key>PRODUCT_NAME</key>
				<string>$(TARGET_NAME)</string>
				<key>SWIFT_VERSION</key>
				<string>3.0</string>
				<key>TEST_HOST</key>
				<string>$(BUILT_PRODUCTS_DIR)/TrainSpeed.app/Contents/MacOS/TrainSpeed</string>
			</dict>
			<key>isa</key>
			<string>XCBuildConfiguration</string>
			<key>name</key>
			<string>Release</string>
		</dict>
		<key>1806D2D61CD976D00015A5DF</key>
		<dict>
			<key>buildConfigurations</key>
			<array>
				<string>1806D2D71CD976D00015A5DF</string>
				<string>1806D2D81CD976D00015A5DF</string>
			</array>
			<key>defaultConfigurationIsVisible</key>
			<string>0</string>
			<key>defaultConfigurationName</key>
			<string>Release</string>
			<key>isa</key>
			<string>XCConfigurationList</string>
		</dict>
		<key>1806D2D71CD976D00015A5DF</key>
		<dict>
			<key>baseConfigurationReference</key>
			<string>D3181E6304AD80E7768609BC</string>
			<key>buildSettings</key>
			<dict>
				<key>COMBINE_HIDPI_IMAGES</key>
				<string>YES</string>
				<key>INFOPLIST_FILE</key>
				<string>TrainSpeedUITests/Info.plist</string>
				<key>LD_RUNPATH_SEARCH_PATHS</key>
				<string>$(inherited) @executable_path/../Frameworks @loader_path/../Frameworks</string>
				<key>PRODUCT_BUNDLE_IDENTIFIER</key>
				<string>com.ephraimhowardkunz.TrainSpeedUITests</string>
				<key>PRODUCT_NAME</key>
				<string>$(TARGET_NAME)</string>
				<key>SWIFT_VERSION</key>
				<string>3.0</string>
				<key>TEST_TARGET_NAME</key>
				<string>TrainSpeed</string>
			</dict>
			<key>isa</key>
			<string>XCBuildConfiguration</string>
			<key>name</key>
			<string>Debug</string>
		</dict>
		<key>1806D2D81CD976D00015A5DF</key>
		<dict>
			<key>baseConfigurationReference</key>
			<string>650FA17333B21DAFD90CE2A8</string>
			<key>buildSettings</key>
			<dict>
				<key>COMBINE_HIDPI_IMAGES</key>
				<string>YES</string>
				<key>INFOPLIST_FILE</key>
				<string>TrainSpeedUITests/Info.plist</string>
				<key>LD_RUNPATH_SEARCH_PATHS</key>
				<string>$(inherited) @executable_path/../Frameworks @loader_path/../Frameworks</string>
				<key>PRODUCT_BUNDLE_IDENTIFIER</key>
				<string>com.ephraimhowardkunz.TrainSpeedUITests</string>
				<key>PRODUCT_NAME</key>
				<string>$(TARGET_NAME)</string>
				<key>SWIFT_VERSION</key>
				<string>3.0</string>
				<key>TEST_TARGET_NAME</key>
				<string>TrainSpeed</string>
			</dict>
			<key>isa</key>
			<string>XCBuildConfiguration</string>
			<key>name</key>
			<string>Release</string>
		</dict>
		<key>183A93961DC832AE00D80621</key>
		<dict>
			<key>isa</key>
			<string>PBXFileReference</string>
			<key>lastKnownFileType</key>
			<string>wrapper.framework</string>
			<key>path</key>
			<string>Realm.framework</string>
			<key>sourceTree</key>
			<string>&lt;group&gt;</string>
		</dict>
		<key>183A93971DC832AE00D80621</key>
		<dict>
			<key>isa</key>
			<string>PBXFileReference</string>
			<key>lastKnownFileType</key>
			<string>wrapper.framework</string>
			<key>path</key>
			<string>RealmSwift.framework</string>
			<key>sourceTree</key>
			<string>&lt;group&gt;</string>
		</dict>
		<key>183A93981DC832AE00D80621</key>
		<dict>
			<key>fileRef</key>
			<string>183A93961DC832AE00D80621</string>
			<key>isa</key>
			<string>PBXBuildFile</string>
		</dict>
		<key>183A93991DC832AE00D80621</key>
		<dict>
			<key>fileRef</key>
			<string>183A93961DC832AE00D80621</string>
			<key>isa</key>
			<string>PBXBuildFile</string>
			<key>settings</key>
			<dict>
				<key>ATTRIBUTES</key>
				<array>
					<string>CodeSignOnCopy</string>
					<string>RemoveHeadersOnCopy</string>
				</array>
			</dict>
		</dict>
		<key>183A939A1DC832AE00D80621</key>
		<dict>
			<key>fileRef</key>
			<string>183A93971DC832AE00D80621</string>
			<key>isa</key>
			<string>PBXBuildFile</string>
		</dict>
		<key>183A939B1DC832AE00D80621</key>
		<dict>
			<key>fileRef</key>
			<string>183A93971DC832AE00D80621</string>
			<key>isa</key>
			<string>PBXBuildFile</string>
			<key>settings</key>
			<dict>
				<key>ATTRIBUTES</key>
				<array>
					<string>CodeSignOnCopy</string>
					<string>RemoveHeadersOnCopy</string>
				</array>
			</dict>
		</dict>
		<key>183A939C1DC832AE00D80621</key>
		<dict>
			<key>buildActionMask</key>
			<string>2147483647</string>
			<key>dstPath</key>
			<string></string>
			<key>dstSubfolderSpec</key>
			<string>10</string>
			<key>files</key>
			<array>
				<string>183A939B1DC832AE00D80621</string>
				<string>183A93991DC832AE00D80621</string>
			</array>
			<key>isa</key>
			<string>PBXCopyFilesBuildPhase</string>
			<key>name</key>
			<string>Embed Frameworks</string>
			<key>runOnlyForDeploymentPostprocessing</key>
			<string>0</string>
		</dict>
		<key>188AF6E01CD99703007AB09B</key>
		<dict>
			<key>fileEncoding</key>
			<string>4</string>
			<key>isa</key>
			<string>PBXFileReference</string>
			<key>lastKnownFileType</key>
			<string>sourcecode.swift</string>
			<key>path</key>
			<string>DataSource.swift</string>
			<key>sourceTree</key>
			<string>&lt;group&gt;</string>
		</dict>
		<key>188AF6E11CD99703007AB09B</key>
		<dict>
			<key>fileRef</key>
			<string>188AF6E01CD99703007AB09B</string>
			<key>isa</key>
			<string>PBXBuildFile</string>
		</dict>
		<key>188AF6E21CDA3228007AB09B</key>
		<dict>
			<key>fileEncoding</key>
			<string>4</string>
			<key>isa</key>
			<string>PBXFileReference</string>
			<key>lastKnownFileType</key>
			<string>text.plist.strings</string>
			<key>path</key>
			<string>Localizable.strings</string>
			<key>sourceTree</key>
			<string>&lt;group&gt;</string>
		</dict>
		<key>188AF6E31CDA3228007AB09B</key>
		<dict>
			<key>fileRef</key>
			<string>188AF6E21CDA3228007AB09B</string>
			<key>isa</key>
			<string>PBXBuildFile</string>
		</dict>
		<key>18AE0B001CDE9E3800A902DD</key>
		<dict>
			<key>fileEncoding</key>
			<string>4</string>
			<key>isa</key>
			<string>PBXFileReference</string>
			<key>lastKnownFileType</key>
			<string>sourcecode.swift</string>
			<key>path</key>
			<string>VehicleDatapoint.swift</string>
			<key>sourceTree</key>
			<string>&lt;group&gt;</string>
		</dict>
		<key>18AE0B011CDE9E3800A902DD</key>
		<dict>
			<key>fileRef</key>
			<string>18AE0B001CDE9E3800A902DD</string>
			<key>isa</key>
			<string>PBXBuildFile</string>
		</dict>
		<key>18AE0B021CDEA10200A902DD</key>
		<dict>
			<key>fileEncoding</key>
			<string>4</string>
			<key>isa</key>
			<string>PBXFileReference</string>
			<key>lastKnownFileType</key>
			<string>sourcecode.swift</string>
			<key>path</key>
			<string>Location.swift</string>
			<key>sourceTree</key>
			<string>&lt;group&gt;</string>
		</dict>
		<key>18AE0B031CDEA10200A902DD</key>
		<dict>
			<key>fileRef</key>
			<string>18AE0B021CDEA10200A902DD</string>
			<key>isa</key>
			<string>PBXBuildFile</string>
		</dict>
		<key>18AE0B041CDEA3E500A902DD</key>
		<dict>
			<key>fileEncoding</key>
			<string>4</string>
			<key>isa</key>
			<string>PBXFileReference</string>
			<key>lastKnownFileType</key>
			<string>sourcecode.swift</string>
			<key>path</key>
			<string>XMLParser.swift</string>
			<key>sourceTree</key>
			<string>&lt;group&gt;</string>
		</dict>
		<key>18AE0B051CDEA3E500A902DD</key>
		<dict>
			<key>fileRef</key>
			<string>18AE0B041CDEA3E500A902DD</string>
			<key>isa</key>
			<string>PBXBuildFile</string>
		</dict>
		<key>18CABD3C1CEDF13F0066955F</key>
		<dict>
			<key>isa</key>
			<string>PBXFileReference</string>
			<key>lastKnownFileType</key>
			<string>wrapper.framework</string>
			<key>path</key>
			<string>Realm.framework</string>
			<key>sourceTree</key>
			<string>&lt;group&gt;</string>
		</dict>
		<key>18CABD3D1CEDF13F0066955F</key>
		<dict>
			<key>isa</key>
			<string>PBXFileReference</string>
			<key>lastKnownFileType</key>
			<string>wrapper.framework</string>
			<key>path</key>
			<string>RealmSwift.framework</string>
			<key>sourceTree</key>
			<string>&lt;group&gt;</string>
		</dict>
		<key>18CABD581CEDF9C70066955F</key>
		<dict>
			<key>fileEncoding</key>
			<string>4</string>
			<key>isa</key>
			<string>PBXFileReference</string>
			<key>lastKnownFileType</key>
			<string>sourcecode.swift</string>
			<key>path</key>
			<string>XYVals.swift</string>
			<key>sourceTree</key>
			<string>&lt;group&gt;</string>
		</dict>
		<key>18CABD591CEDF9C70066955F</key>
		<dict>
			<key>fileRef</key>
			<string>18CABD581CEDF9C70066955F</string>
			<key>isa</key>
			<string>PBXBuildFile</string>
		</dict>
		<key>18F0A2BE1CE76C63006FD12F</key>
		<dict>
			<key>fileEncoding</key>
			<string>4</string>
			<key>isa</key>
			<string>PBXFileReference</string>
			<key>lastKnownFileType</key>
			<string>sourcecode.swift</string>
			<key>path</key>
			<string>Constants.swift</string>
			<key>sourceTree</key>
			<string>&lt;group&gt;</string>
		</dict>
		<key>18F0A2BF1CE76C63006FD12F</key>
		<dict>
			<key>fileRef</key>
			<string>18F0A2BE1CE76C63006FD12F</string>
			<key>isa</key>
			<string>PBXBuildFile</string>
		</dict>
		<key>18F0A2C01CE76F0D006FD12F</key>
		<dict>
			<key>fileEncoding</key>
			<string>4</string>
			<key>isa</key>
			<string>PBXFileReference</string>
			<key>lastKnownFileType</key>
			<string>sourcecode.swift</string>
			<key>path</key>
			<string>Error.swift</string>
			<key>sourceTree</key>
			<string>&lt;group&gt;</string>
		</dict>
		<key>18F0A2C11CE76F0D006FD12F</key>
		<dict>
			<key>fileRef</key>
			<string>18F0A2C01CE76F0D006FD12F</string>
			<key>isa</key>
			<string>PBXBuildFile</string>
		</dict>
		<key>18F0A2C21CE774BC006FD12F</key>
		<dict>
			<key>fileEncoding</key>
			<string>4</string>
			<key>isa</key>
			<string>PBXFileReference</string>
			<key>lastKnownFileType</key>
			<string>sourcecode.swift</string>
			<key>path</key>
			<string>HistoryViewController.swift</string>
			<key>sourceTree</key>
			<string>&lt;group&gt;</string>
		</dict>
		<key>18F0A2C31CE774BC006FD12F</key>
		<dict>
			<key>fileRef</key>
			<string>18F0A2C21CE774BC006FD12F</string>
			<key>isa</key>
			<string>PBXBuildFile</string>
		</dict>
		<key>19C35D21ECE7DF0BAC3F8CDB</key>
		<dict>
			<key>fileRef</key>
			<string>3A27EF1089F220B4FD1024C2</string>
			<key>isa</key>
			<string>PBXBuildFile</string>
		</dict>
		<key>1BF950E1E1AED700C0BB19A0</key>
		<dict>
			<key>buildActionMask</key>
			<string>2147483647</string>
			<key>files</key>
			<array/>
			<key>inputPaths</key>
			<array/>
			<key>isa</key>
			<string>PBXShellScriptBuildPhase</string>
			<key>name</key>
			<string>&#128230; Check Pods Manifest.lock</string>
			<key>outputPaths</key>
			<array/>
			<key>runOnlyForDeploymentPostprocessing</key>
			<string>0</string>
			<key>shellPath</key>
			<string>/bin/sh</string>
			<key>shellScript</key>
			<string>diff "${PODS_ROOT}/../Podfile.lock" "${PODS_ROOT}/Manifest.lock" &gt; /dev/null
if [[ $? != 0 ]] ; then
    cat &lt;&lt; EOM
error: The sandbox is not in sync with the Podfile.lock. Run 'pod install' or update your CocoaPods installation.
EOM
    exit 1
fi
</string>
			<key>showEnvVarsInLog</key>
			<string>0</string>
		</dict>
		<key>3A27EF1089F220B4FD1024C2</key>
		<dict>
			<key>explicitFileType</key>
			<string>wrapper.framework</string>
			<key>includeInIndex</key>
			<string>0</string>
			<key>isa</key>
			<string>PBXFileReference</string>
			<key>path</key>
			<string>Pods_TrainSpeed.framework</string>
			<key>sourceTree</key>
			<string>BUILT_PRODUCTS_DIR</string>
		</dict>
		<key>3CA6CBC585045902799FA09A</key>
		<dict>
			<key>fileRef</key>
			<string>9958B56FE7A35765274A07DD</string>
			<key>isa</key>
			<string>PBXBuildFile</string>
		</dict>
		<key>5535246AB4BC16F4AB01BFED</key>
		<dict>
			<key>explicitFileType</key>
			<string>wrapper.framework</string>
			<key>includeInIndex</key>
			<string>0</string>
			<key>isa</key>
			<string>PBXFileReference</string>
			<key>path</key>
			<string>Pods_TrainSpeedUITests.framework</string>
			<key>sourceTree</key>
			<string>BUILT_PRODUCTS_DIR</string>
		</dict>
		<key>5BEF61B60E3437ABB33A496C</key>
		<dict>
			<key>includeInIndex</key>
			<string>1</string>
			<key>isa</key>
			<string>PBXFileReference</string>
			<key>lastKnownFileType</key>
			<string>text.xcconfig</string>
			<key>name</key>
			<string>Pods-TrainSpeed.release.xcconfig</string>
			<key>path</key>
			<string>Pods/Target Support Files/Pods-TrainSpeed/Pods-TrainSpeed.release.xcconfig</string>
			<key>sourceTree</key>
			<string>&lt;group&gt;</string>
		</dict>
		<key>607AD0D5E630381B123CCB91</key>
		<dict>
			<key>children</key>
			<array>
				<string>18CABD3C1CEDF13F0066955F</string>
				<string>18CABD3D1CEDF13F0066955F</string>
				<string>3A27EF1089F220B4FD1024C2</string>
				<string>9958B56FE7A35765274A07DD</string>
				<string>5535246AB4BC16F4AB01BFED</string>
			</array>
			<key>isa</key>
			<string>PBXGroup</string>
			<key>name</key>
			<string>Frameworks</string>
			<key>sourceTree</key>
			<string>&lt;group&gt;</string>
		</dict>
		<key>650FA17333B21DAFD90CE2A8</key>
		<dict>
			<key>includeInIndex</key>
			<string>1</string>
			<key>isa</key>
			<string>PBXFileReference</string>
			<key>lastKnownFileType</key>
			<string>text.xcconfig</string>
			<key>name</key>
			<string>Pods-TrainSpeedUITests.release.xcconfig</string>
			<key>path</key>
			<string>Pods/Target Support Files/Pods-TrainSpeedUITests/Pods-TrainSpeedUITests.release.xcconfig</string>
			<key>sourceTree</key>
			<string>&lt;group&gt;</string>
		</dict>
		<key>7C92A42CDA378436C9E474FA</key>
		<dict>
			<key>buildActionMask</key>
			<string>2147483647</string>
			<key>files</key>
			<array/>
			<key>inputPaths</key>
			<array/>
			<key>isa</key>
			<string>PBXShellScriptBuildPhase</string>
			<key>name</key>
			<string>&#128230; Embed Pods Frameworks</string>
			<key>outputPaths</key>
			<array/>
			<key>runOnlyForDeploymentPostprocessing</key>
			<string>0</string>
			<key>shellPath</key>
			<string>/bin/sh</string>
			<key>shellScript</key>
			<string>"${SRCROOT}/Pods/Target Support Files/Pods-TrainSpeed/Pods-TrainSpeed-frameworks.sh"
</string>
			<key>showEnvVarsInLog</key>
			<string>0</string>
		</dict>
		<key>877499B4843317B77AFAD725</key>
		<dict>
			<key>includeInIndex</key>
			<string>1</string>
			<key>isa</key>
			<string>PBXFileReference</string>
			<key>lastKnownFileType</key>
			<string>text.xcconfig</string>
			<key>name</key>
			<string>Pods-TrainSpeedTests.release.xcconfig</string>
			<key>path</key>
			<string>Pods/Target Support Files/Pods-TrainSpeedTests/Pods-TrainSpeedTests.release.xcconfig</string>
			<key>sourceTree</key>
			<string>&lt;group&gt;</string>
		</dict>
		<key>89A04E8024D54844B204B062</key>
		<dict>
			<key>buildActionMask</key>
			<string>2147483647</string>
			<key>files</key>
			<array/>
			<key>inputPaths</key>
			<array/>
			<key>isa</key>
			<string>PBXShellScriptBuildPhase</string>
			<key>name</key>
			<string>&#128230; Copy Pods Resources</string>
			<key>outputPaths</key>
			<array/>
			<key>runOnlyForDeploymentPostprocessing</key>
			<string>0</string>
			<key>shellPath</key>
			<string>/bin/sh</string>
			<key>shellScript</key>
			<string>"${SRCROOT}/Pods/Target Support Files/Pods-TrainSpeedTests/Pods-TrainSpeedTests-resources.sh"
</string>
			<key>showEnvVarsInLog</key>
			<string>0</string>
		</dict>
		<key>8F58B43CB5477768F1A5B422</key>
		<dict>
			<key>buildActionMask</key>
			<string>2147483647</string>
			<key>files</key>
			<array/>
			<key>inputPaths</key>
			<array/>
			<key>isa</key>
			<string>PBXShellScriptBuildPhase</string>
			<key>name</key>
			<string>&#128230; Copy Pods Resources</string>
			<key>outputPaths</key>
			<array/>
			<key>runOnlyForDeploymentPostprocessing</key>
			<string>0</string>
			<key>shellPath</key>
			<string>/bin/sh</string>
			<key>shellScript</key>
			<string>"${SRCROOT}/Pods/Target Support Files/Pods-TrainSpeedUITests/Pods-TrainSpeedUITests-resources.sh"
</string>
			<key>showEnvVarsInLog</key>
			<string>0</string>
		</dict>
		<key>993E63D48143A217477B97B5</key>
		<dict>
			<key>buildActionMask</key>
			<string>2147483647</string>
			<key>files</key>
			<array/>
			<key>inputPaths</key>
			<array/>
			<key>isa</key>
			<string>PBXShellScriptBuildPhase</string>
			<key>name</key>
			<string>&#128230; Check Pods Manifest.lock</string>
			<key>outputPaths</key>
			<array/>
			<key>runOnlyForDeploymentPostprocessing</key>
			<string>0</string>
			<key>shellPath</key>
			<string>/bin/sh</string>
			<key>shellScript</key>
			<string>diff "${PODS_ROOT}/../Podfile.lock" "${PODS_ROOT}/Manifest.lock" &gt; /dev/null
if [[ $? != 0 ]] ; then
    cat &lt;&lt; EOM
error: The sandbox is not in sync with the Podfile.lock. Run 'pod install' or update your CocoaPods installation.
EOM
    exit 1
fi
</string>
			<key>showEnvVarsInLog</key>
			<string>0</string>
		</dict>
		<key>9958B56FE7A35765274A07DD</key>
		<dict>
			<key>explicitFileType</key>
			<string>wrapper.framework</string>
			<key>includeInIndex</key>
			<string>0</string>
			<key>isa</key>
			<string>PBXFileReference</string>
			<key>path</key>
			<string>Pods_TrainSpeedTests.framework</string>
			<key>sourceTree</key>
			<string>BUILT_PRODUCTS_DIR</string>
		</dict>
		<key>ABD693286550897909E2A644</key>
		<dict>
			<key>fileRef</key>
			<string>5535246AB4BC16F4AB01BFED</string>
			<key>isa</key>
			<string>PBXBuildFile</string>
		</dict>
		<key>AD3248CFC333F1EC1B26F95A</key>
		<dict>
			<key>includeInIndex</key>
			<string>1</string>
			<key>isa</key>
			<string>PBXFileReference</string>
			<key>lastKnownFileType</key>
			<string>text.xcconfig</string>
			<key>name</key>
			<string>Pods-TrainSpeedTests.debug.xcconfig</string>
			<key>path</key>
			<string>Pods/Target Support Files/Pods-TrainSpeedTests/Pods-TrainSpeedTests.debug.xcconfig</string>
			<key>sourceTree</key>
			<string>&lt;group&gt;</string>
		</dict>
		<key>B60D213FF1E2B49AB76B373D</key>
		<dict>
			<key>buildActionMask</key>
			<string>2147483647</string>
			<key>files</key>
			<array/>
			<key>inputPaths</key>
			<array/>
			<key>isa</key>
			<string>PBXShellScriptBuildPhase</string>
			<key>name</key>
			<string>&#128230; Check Pods Manifest.lock</string>
			<key>outputPaths</key>
			<array/>
			<key>runOnlyForDeploymentPostprocessing</key>
			<string>0</string>
			<key>shellPath</key>
			<string>/bin/sh</string>
			<key>shellScript</key>
			<string>diff "${PODS_ROOT}/../Podfile.lock" "${PODS_ROOT}/Manifest.lock" &gt; /dev/null
if [[ $? != 0 ]] ; then
    cat &lt;&lt; EOM
error: The sandbox is not in sync with the Podfile.lock. Run 'pod install' or update your CocoaPods installation.
EOM
    exit 1
fi
</string>
			<key>showEnvVarsInLog</key>
			<string>0</string>
		</dict>
		<key>C9EE73944C8A6DED37FCE6CE</key>
		<dict>
			<key>buildActionMask</key>
			<string>2147483647</string>
			<key>files</key>
			<array/>
			<key>inputPaths</key>
			<array/>
			<key>isa</key>
			<string>PBXShellScriptBuildPhase</string>
			<key>name</key>
			<string>&#128230; Embed Pods Frameworks</string>
			<key>outputPaths</key>
			<array/>
			<key>runOnlyForDeploymentPostprocessing</key>
			<string>0</string>
			<key>shellPath</key>
			<string>/bin/sh</string>
			<key>shellScript</key>
			<string>"${SRCROOT}/Pods/Target Support Files/Pods-TrainSpeedTests/Pods-TrainSpeedTests-frameworks.sh"
</string>
			<key>showEnvVarsInLog</key>
			<string>0</string>
		</dict>
		<key>D3181E6304AD80E7768609BC</key>
		<dict>
			<key>includeInIndex</key>
			<string>1</string>
			<key>isa</key>
			<string>PBXFileReference</string>
			<key>lastKnownFileType</key>
			<string>text.xcconfig</string>
			<key>name</key>
			<string>Pods-TrainSpeedUITests.debug.xcconfig</string>
			<key>path</key>
			<string>Pods/Target Support Files/Pods-TrainSpeedUITests/Pods-TrainSpeedUITests.debug.xcconfig</string>
			<key>sourceTree</key>
			<string>&lt;group&gt;</string>
		</dict>
		<key>E64C6ABB8734B42C7A2CE726</key>
		<dict>
			<key>children</key>
			<array>
				<string>02A66BFF4CD41C36716A351A</string>
				<string>5BEF61B60E3437ABB33A496C</string>
				<string>AD3248CFC333F1EC1B26F95A</string>
				<string>877499B4843317B77AFAD725</string>
				<string>D3181E6304AD80E7768609BC</string>
				<string>650FA17333B21DAFD90CE2A8</string>
			</array>
			<key>isa</key>
			<string>PBXGroup</string>
			<key>name</key>
			<string>Pods</string>
			<key>sourceTree</key>
			<string>&lt;group&gt;</string>
		</dict>
		<key>FBC33609414A1918B3BAA3B1</key>
		<dict>
			<key>buildActionMask</key>
			<string>2147483647</string>
			<key>files</key>
			<array/>
			<key>inputPaths</key>
			<array/>
			<key>isa</key>
			<string>PBXShellScriptBuildPhase</string>
			<key>name</key>
			<string>&#128230; Copy Pods Resources</string>
			<key>outputPaths</key>
			<array/>
			<key>runOnlyForDeploymentPostprocessing</key>
			<string>0</string>
			<key>shellPath</key>
			<string>/bin/sh</string>
			<key>shellScript</key>
			<string>"${SRCROOT}/Pods/Target Support Files/Pods-TrainSpeed/Pods-TrainSpeed-resources.sh"
</string>
			<key>showEnvVarsInLog</key>
			<string>0</string>
		</dict>
	</dict>
	<key>rootObject</key>
	<string>1806D2A31CD976CE0015A5DF</string>
</dict>
</plist>
